
Microsoft Visual Studio Solution File, Format Version 12.00
# Visual Studio Version 17
VisualStudioVersion = 17.4.33213.308
MinimumVisualStudioVersion = 10.0.40219.1
Project("{FAE04EC0-301F-11D3-BF4B-00C04F79EFBC}") = "P520231Melany_R", "P520231Melany_R\P520231Melany_R.csproj", "{3FFD434E-CABD-4606-9F86-A4E7B1832798}"
	ProjectSection(ProjectDependencies) = postProject
		{03AE28F2-C147-4A26-B610-9196EC20D3B5} = {03AE28F2-C147-4A26-B610-9196EC20D3B5}
	EndProjectSection
EndProject
Project("{FAE04EC0-301F-11D3-BF4B-00C04F79EFBC}") = "logica", "logica\logica.csproj", "{03AE28F2-C147-4A26-B610-9196EC20D3B5}"
EndProject
Global
	GlobalSection(SolutionConfigurationPlatforms) = preSolution
		Debug|Any CPU = Debug|Any CPU
		Release|Any CPU = Release|Any CPU
	EndGlobalSection
	GlobalSection(ProjectConfigurationPlatforms) = postSolution
		{3FFD434E-CABD-4606-9F86-A4E7B1832798}.Debug|Any CPU.ActiveCfg = Debug|Any CPU
		{3FFD434E-CABD-4606-9F86-A4E7B1832798}.Debug|Any CPU.Build.0 = Debug|Any CPU
		{3FFD434E-CABD-4606-9F86-A4E7B1832798}.Release|Any CPU.ActiveCfg = Release|Any CPU
		{3FFD434E-CABD-4606-9F86-A4E7B1832798}.Release|Any CPU.Build.0 = Release|Any CPU
		{03AE28F2-C147-4A26-B610-9196EC20D3B5}.Debug|Any CPU.ActiveCfg = Debug|Any CPU
		{03AE28F2-C147-4A26-B610-9196EC20D3B5}.Debug|Any CPU.Build.0 = Debug|Any CPU
		{03AE28F2-C147-4A26-B610-9196EC20D3B5}.Release|Any CPU.ActiveCfg = Release|Any CPU
		{03AE28F2-C147-4A26-B610-9196EC20D3B5}.Release|Any CPU.Build.0 = Release|Any CPU
	EndGlobalSection
	GlobalSection(SolutionProperties) = preSolution
		HideSolutionNode = FALSE
	EndGlobalSection
	GlobalSection(ExtensibilityGlobals) = postSolution
		SolutionGuid = {4D09E48F-6978-43F8-9055-52AA0507EBFF}
	EndGlobalSection
EndGlobal
